
Microsoft Visual Studio Solution File, Format Version 12.00
# Visual Studio 15
<<<<<<< HEAD
VisualStudioVersion = 15.0.28307.1972
MinimumVisualStudioVersion = 10.0.40219.1
Project("{FAE04EC0-301F-11D3-BF4B-00C04F79EFBC}") = "Exemple_01", "Exemple_01\Exemple_01.csproj", "{7BED37CF-45F6-4168-999C-B3A616987C74}"
=======
VisualStudioVersion = 15.0.28307.2017
MinimumVisualStudioVersion = 10.0.40219.1
Project("{FAE04EC0-301F-11D3-BF4B-00C04F79EFBC}") = "Exemple_01", "Exemple_01\Exemple_01.csproj", "{403F4F76-EA96-4136-B164-57AE57D9E64D}"
>>>>>>> 3fd5687642e8ccdc06c13baa19e653d0518b9e59
EndProject
Global
	GlobalSection(SolutionConfigurationPlatforms) = preSolution
		Debug|Any CPU = Debug|Any CPU
		Release|Any CPU = Release|Any CPU
	EndGlobalSection
	GlobalSection(ProjectConfigurationPlatforms) = postSolution
<<<<<<< HEAD
		{7BED37CF-45F6-4168-999C-B3A616987C74}.Debug|Any CPU.ActiveCfg = Debug|Any CPU
		{7BED37CF-45F6-4168-999C-B3A616987C74}.Debug|Any CPU.Build.0 = Debug|Any CPU
		{7BED37CF-45F6-4168-999C-B3A616987C74}.Release|Any CPU.ActiveCfg = Release|Any CPU
		{7BED37CF-45F6-4168-999C-B3A616987C74}.Release|Any CPU.Build.0 = Release|Any CPU
=======
		{403F4F76-EA96-4136-B164-57AE57D9E64D}.Debug|Any CPU.ActiveCfg = Debug|Any CPU
		{403F4F76-EA96-4136-B164-57AE57D9E64D}.Debug|Any CPU.Build.0 = Debug|Any CPU
		{403F4F76-EA96-4136-B164-57AE57D9E64D}.Release|Any CPU.ActiveCfg = Release|Any CPU
		{403F4F76-EA96-4136-B164-57AE57D9E64D}.Release|Any CPU.Build.0 = Release|Any CPU
>>>>>>> 3fd5687642e8ccdc06c13baa19e653d0518b9e59
	EndGlobalSection
	GlobalSection(SolutionProperties) = preSolution
		HideSolutionNode = FALSE
	EndGlobalSection
	GlobalSection(ExtensibilityGlobals) = postSolution
<<<<<<< HEAD
		SolutionGuid = {EDCC97DA-D4C9-49F0-B0C5-C1957412372F}
=======
		SolutionGuid = {F4709B12-289D-48F1-B81B-1EA8C0886AC4}
>>>>>>> 3fd5687642e8ccdc06c13baa19e653d0518b9e59
	EndGlobalSection
EndGlobal
