
Microsoft Visual Studio Solution File, Format Version 12.00
# Visual Studio Version 16
VisualStudioVersion = 16.0.32630.194
MinimumVisualStudioVersion = 10.0.40219.1
Project("{FAE04EC0-301F-11D3-BF4B-00C04F79EFBC}") = "Variaveis", "Variaveis\Variaveis.csproj", "{0E57582B-6C84-4DD0-966E-056F4221648F}"
EndProject
Global
	GlobalSection(SolutionConfigurationPlatforms) = preSolution
		Debug|Any CPU = Debug|Any CPU
		Release|Any CPU = Release|Any CPU
	EndGlobalSection
	GlobalSection(ProjectConfigurationPlatforms) = postSolution
		{0E57582B-6C84-4DD0-966E-056F4221648F}.Debug|Any CPU.ActiveCfg = Debug|Any CPU
		{0E57582B-6C84-4DD0-966E-056F4221648F}.Debug|Any CPU.Build.0 = Debug|Any CPU
		{0E57582B-6C84-4DD0-966E-056F4221648F}.Release|Any CPU.ActiveCfg = Release|Any CPU
		{0E57582B-6C84-4DD0-966E-056F4221648F}.Release|Any CPU.Build.0 = Release|Any CPU
	EndGlobalSection
	GlobalSection(SolutionProperties) = preSolution
		HideSolutionNode = FALSE
	EndGlobalSection
	GlobalSection(ExtensibilityGlobals) = postSolution
		SolutionGuid = {4CB52E7D-9FDE-477E-9CC8-0D51A1A8767C}
	EndGlobalSection
EndGlobal
