
Microsoft Visual Studio Solution File, Format Version 12.00
# Visual Studio 15
VisualStudioVersion = 15.0.28307.2017
MinimumVisualStudioVersion = 10.0.40219.1
Project("{FAE04EC0-301F-11D3-BF4B-00C04F79EFBC}") = "Exemple_02", "Exemple_02\Exemple_02.csproj", "{07CEABD6-B3EB-4440-AC85-258B6C934A2D}"
EndProject
Global
	GlobalSection(SolutionConfigurationPlatforms) = preSolution
		Debug|Any CPU = Debug|Any CPU
		Release|Any CPU = Release|Any CPU
	EndGlobalSection
	GlobalSection(ProjectConfigurationPlatforms) = postSolution
		{07CEABD6-B3EB-4440-AC85-258B6C934A2D}.Debug|Any CPU.ActiveCfg = Debug|Any CPU
		{07CEABD6-B3EB-4440-AC85-258B6C934A2D}.Debug|Any CPU.Build.0 = Debug|Any CPU
		{07CEABD6-B3EB-4440-AC85-258B6C934A2D}.Release|Any CPU.ActiveCfg = Release|Any CPU
		{07CEABD6-B3EB-4440-AC85-258B6C934A2D}.Release|Any CPU.Build.0 = Release|Any CPU
	EndGlobalSection
	GlobalSection(SolutionProperties) = preSolution
		HideSolutionNode = FALSE
	EndGlobalSection
	GlobalSection(ExtensibilityGlobals) = postSolution
		SolutionGuid = {03F9C8CA-3607-45F6-85DE-440A4A6D3C87}
	EndGlobalSection
EndGlobal
