
Microsoft Visual Studio Solution File, Format Version 12.00
# Visual Studio 15
VisualStudioVersion = 15.0.28307.1972
MinimumVisualStudioVersion = 10.0.40219.1
Project("{FAE04EC0-301F-11D3-BF4B-00C04F79EFBC}") = "Course_exemple02", "Course_exemple02\Course_exemple02.csproj", "{4B71405D-1DAD-41E6-A3AD-07215AD40B47}"
EndProject
Global
	GlobalSection(SolutionConfigurationPlatforms) = preSolution
		Debug|Any CPU = Debug|Any CPU
		Release|Any CPU = Release|Any CPU
	EndGlobalSection
	GlobalSection(ProjectConfigurationPlatforms) = postSolution
		{4B71405D-1DAD-41E6-A3AD-07215AD40B47}.Debug|Any CPU.ActiveCfg = Debug|Any CPU
		{4B71405D-1DAD-41E6-A3AD-07215AD40B47}.Debug|Any CPU.Build.0 = Debug|Any CPU
		{4B71405D-1DAD-41E6-A3AD-07215AD40B47}.Release|Any CPU.ActiveCfg = Release|Any CPU
		{4B71405D-1DAD-41E6-A3AD-07215AD40B47}.Release|Any CPU.Build.0 = Release|Any CPU
	EndGlobalSection
	GlobalSection(SolutionProperties) = preSolution
		HideSolutionNode = FALSE
	EndGlobalSection
	GlobalSection(ExtensibilityGlobals) = postSolution
		SolutionGuid = {B7447DAF-FF74-40DE-A09E-C275308CF499}
	EndGlobalSection
EndGlobal
